
Microsoft Visual Studio Solution File, Format Version 12.00
# Visual Studio Version 16
VisualStudioVersion = 16.0.30717.126
MinimumVisualStudioVersion = 10.0.40219.1
Project("{FAE04EC0-301F-11D3-BF4B-00C04F79EFBC}") = "BasePlugin", "Gearbox3D_Plugin\BasePlugin.csproj", "{774739B0-78F1-4872-BD1B-E999439C9205}"
EndProject
Global
	GlobalSection(SolutionConfigurationPlatforms) = preSolution
		Debug|Any CPU = Debug|Any CPU
		Release|Any CPU = Release|Any CPU
	EndGlobalSection
	GlobalSection(ProjectConfigurationPlatforms) = postSolution
		{774739B0-78F1-4872-BD1B-E999439C9205}.Debug|Any CPU.ActiveCfg = Debug|Any CPU
		{774739B0-78F1-4872-BD1B-E999439C9205}.Debug|Any CPU.Build.0 = Debug|Any CPU
		{774739B0-78F1-4872-BD1B-E999439C9205}.Release|Any CPU.ActiveCfg = Release|Any CPU
		{774739B0-78F1-4872-BD1B-E999439C9205}.Release|Any CPU.Build.0 = Release|Any CPU
	EndGlobalSection
	GlobalSection(SolutionProperties) = preSolution
		HideSolutionNode = FALSE
	EndGlobalSection
	GlobalSection(ExtensibilityGlobals) = postSolution
		SolutionGuid = {C9B26165-4325-432C-B697-E7C40B0C8716}
	EndGlobalSection
EndGlobal
